{
	"name": "@rockr/rockr-cli",
	"version": "1.0.0",
	"lockfileVersion": 2,
	"requires": true,
	"packages": {
		"": {
			"name": "@rockr/rockr-cli",
			"version": "1.0.0",
			"dependencies": {
				"argparse": "^2.0.1",
				"js-yaml": "^4.0.0",
				"yaml": "^2.0.0-3"
			},
			"devDependencies": {
				"typescript": "~4.1.3"
			}
		},
		"node_modules/argparse": {
			"version": "2.0.1",
			"resolved": "https://registry.npmjs.org/argparse/-/argparse-2.0.1.tgz",
			"integrity": "sha512-8+9WqebbFzpX9OR+Wa6O29asIogeRMzcGtAINdpMHHyAg10f05aSFVBbcEqGf/PXw1EjAZ+q2/bEBg3DvurK3Q=="
		},
		"node_modules/js-yaml": {
			"version": "4.1.0",
			"resolved": "https://registry.npmjs.org/js-yaml/-/js-yaml-4.1.0.tgz",
			"integrity": "sha512-wpxZs9NoxZaJESJGIZTyDEaYpl0FKSA+FB9aJiyemKhMwkxQg63h4T1KJgUGHpTqPDNRcmmYLugrRjJlBtWvRA==",
			"dependencies": {
				"argparse": "^2.0.1"
			},
			"bin": {
				"js-yaml": "bin/js-yaml.js"
			}
		},
		"node_modules/typescript": {
			"version": "4.1.3",
			"resolved": "https://registry.npmjs.org/typescript/-/typescript-4.1.3.tgz",
			"integrity": "sha512-B3ZIOf1IKeH2ixgHhj6la6xdwR9QrLC5d1VKeCSY4tvkqhF2eqd9O7txNlS0PO3GrBAFIdr3L1ndNwteUbZLYg==",
			"dev": true,
			"bin": {
				"tsc": "bin/tsc",
				"tsserver": "bin/tsserver"
			},
			"engines": {
				"node": ">=4.2.0"
			}
		},
		"node_modules/yaml": {
			"version": "2.0.0-5",
			"resolved": "https://registry.npmjs.org/yaml/-/yaml-2.0.0-5.tgz",
			"integrity": "sha512-qH5L5eqW8cyv/N1U6rkK/O0M7kOK3BSo48d05Ptm03ITNsVFwg6TQ47wR72Db/ULWH5RfNJv+CqnG17Pyn8eqQ==",
			"engines": {
				"node": ">= 10"
			}
		}
	},
	"dependencies": {
		"argparse": {
			"version": "2.0.1",
			"resolved": "https://registry.npmjs.org/argparse/-/argparse-2.0.1.tgz",
			"integrity": "sha512-8+9WqebbFzpX9OR+Wa6O29asIogeRMzcGtAINdpMHHyAg10f05aSFVBbcEqGf/PXw1EjAZ+q2/bEBg3DvurK3Q=="
		},
		"js-yaml": {
			"version": "4.1.0",
			"resolved": "https://registry.npmjs.org/js-yaml/-/js-yaml-4.1.0.tgz",
			"integrity": "sha512-wpxZs9NoxZaJESJGIZTyDEaYpl0FKSA+FB9aJiyemKhMwkxQg63h4T1KJgUGHpTqPDNRcmmYLugrRjJlBtWvRA==",
			"requires": {
				"argparse": "^2.0.1"
			}
		},
		"typescript": {
			"version": "4.1.3",
			"resolved": "https://registry.npmjs.org/typescript/-/typescript-4.1.3.tgz",
			"integrity": "sha512-B3ZIOf1IKeH2ixgHhj6la6xdwR9QrLC5d1VKeCSY4tvkqhF2eqd9O7txNlS0PO3GrBAFIdr3L1ndNwteUbZLYg==",
			"dev": true
		},
		"yaml": {
			"version": "2.0.0-5",
			"resolved": "https://registry.npmjs.org/yaml/-/yaml-2.0.0-5.tgz",
			"integrity": "sha512-qH5L5eqW8cyv/N1U6rkK/O0M7kOK3BSo48d05Ptm03ITNsVFwg6TQ47wR72Db/ULWH5RfNJv+CqnG17Pyn8eqQ=="
		}
	}
}
